{
  "originHash" : "891b7b773f66b5d4dfc6cf68737353bb62f2656c33fbccb1aaf8ce67b252f209",
  "pins" : [
    {
      "identity" : "mpvkit",
      "kind" : "remoteSourceControl",
      "location" : "https://github.com/aagedal/MPVKit.git",
      "state" : {
        "branch" : "main",
        "revision" : "230c3174f1515898f24599147ad61c2a277d0dc2"
      }
    },
    {
      "identity" : "sparkle",
      "kind" : "remoteSourceControl",
      "location" : "https://github.com/sparkle-project/Sparkle",
      "state" : {
        "revision" : "d46d456107feacc80711b21847b82b07bd9fb46e",
        "version" : "2.9.3"
      }
    },
    {
      "identity" : "swiftmediametadata",
      "kind" : "remoteSourceControl",
      "location" : "https://github.com/aagedal/SwiftMediaMetadata.git",
      "state" : {
        "revision" : "94c34f1a2562a8679694eed8ea7113e524cbd2e4",
        "version" : "2.0.0"
      }
    }
  ],
  "version" : 3
}
