{
  "originHash" : "b4de07ccbc5cee26292b053a8283029d79c5357e4b47a7d42f0d900047ec03f3",
  "pins" : [
    {
      "identity" : "mpvkit",
      "kind" : "remoteSourceControl",
      "location" : "https://github.com/aagedal/MPVKit.git",
      "state" : {
        "branch" : "aagedal/custom-builds",
        "revision" : "b7d3beac76f68ccfa69a2993e5713be64f738723"
      }
    },
    {
      "identity" : "sparkle",
      "kind" : "remoteSourceControl",
      "location" : "https://github.com/sparkle-project/Sparkle",
      "state" : {
        "revision" : "d46d456107feacc80711b21847b82b07bd9fb46e",
        "version" : "2.9.3"
      }
    },
    {
      "identity" : "swiftexif",
      "kind" : "remoteSourceControl",
      "location" : "https://github.com/aagedal/SwiftExif.git",
      "state" : {
        "revision" : "47249c72b613ebab8e4514f4adf05bb8000a1908",
        "version" : "1.9.10"
      }
    }
  ],
  "version" : 3
}
