{
  "originHash" : "a43a9b7cd713c91e7e376f0a077719971eabeafafa514dda586dec3f24e5bb6c",
  "pins" : [
    {
      "identity" : "mpvkit",
      "kind" : "remoteSourceControl",
      "location" : "https://github.com/aagedal/MPVKit.git",
      "state" : {
        "branch" : "aagedal/custom-builds",
        "revision" : "b7d3beac76f68ccfa69a2993e5713be64f738723"
      }
    },
    {
      "identity" : "sparkle",
      "kind" : "remoteSourceControl",
      "location" : "https://github.com/sparkle-project/Sparkle",
      "state" : {
        "revision" : "066e75a8b3e99962685d6a90cdd5293ebffd9261",
        "version" : "2.9.1"
      }
    },
    {
      "identity" : "swiftexif",
      "kind" : "remoteSourceControl",
      "location" : "https://codeberg.org/taagedal/SwiftExif.git",
      "state" : {
        "revision" : "73f76d5f9b1170a6bf1a937f3403e742ba0e2a9f",
        "version" : "1.9.1"
      }
    }
  ],
  "version" : 3
}
